
Microsoft Visual Studio Solution File, Format Version 12.00
# Visual Studio 2013
VisualStudioVersion = 12.0.21005.1
MinimumVisualStudioVersion = 10.0.40219.1
Project("{FAE04EC0-301F-11D3-BF4B-00C04F79EFBC}") = "WebApplication15", "WebApplication15\WebApplication15.csproj", "{C46A74C9-AFFA-48EE-B730-FC577794DB01}"
EndProject
Global
	GlobalSection(SolutionConfigurationPlatforms) = preSolution
		Debug|Any CPU = Debug|Any CPU
		Release|Any CPU = Release|Any CPU
	EndGlobalSection
	GlobalSection(ProjectConfigurationPlatforms) = postSolution
		{C46A74C9-AFFA-48EE-B730-FC577794DB01}.Debug|Any CPU.ActiveCfg = Debug|Any CPU
		{C46A74C9-AFFA-48EE-B730-FC577794DB01}.Debug|Any CPU.Build.0 = Debug|Any CPU
		{C46A74C9-AFFA-48EE-B730-FC577794DB01}.Release|Any CPU.ActiveCfg = Release|Any CPU
		{C46A74C9-AFFA-48EE-B730-FC577794DB01}.Release|Any CPU.Build.0 = Release|Any CPU
	EndGlobalSection
	GlobalSection(SolutionProperties) = preSolution
		HideSolutionNode = FALSE
	EndGlobalSection
EndGlobal
